
Microsoft Visual Studio Solution File, Format Version 12.00
# Visual Studio Version 17
VisualStudioVersion = 17.5.33414.496
MinimumVisualStudioVersion = 10.0.40219.1
Project("{9A19103F-16F7-4668-BE54-9A1E7A4F7556}") = "BlazorApp1", "BlazorApp1\BlazorApp1.csproj", "{621EAF6E-3244-4B4F-9EBE-57E1D7D32200}"
EndProject
Global
	GlobalSection(SolutionConfigurationPlatforms) = preSolution
		Debug|Any CPU = Debug|Any CPU
		Release|Any CPU = Release|Any CPU
	EndGlobalSection
	GlobalSection(ProjectConfigurationPlatforms) = postSolution
		{621EAF6E-3244-4B4F-9EBE-57E1D7D32200}.Debug|Any CPU.ActiveCfg = Debug|Any CPU
		{621EAF6E-3244-4B4F-9EBE-57E1D7D32200}.Debug|Any CPU.Build.0 = Debug|Any CPU
		{621EAF6E-3244-4B4F-9EBE-57E1D7D32200}.Release|Any CPU.ActiveCfg = Release|Any CPU
		{621EAF6E-3244-4B4F-9EBE-57E1D7D32200}.Release|Any CPU.Build.0 = Release|Any CPU
	EndGlobalSection
	GlobalSection(SolutionProperties) = preSolution
		HideSolutionNode = FALSE
	EndGlobalSection
	GlobalSection(ExtensibilityGlobals) = postSolution
		SolutionGuid = {8CC5DF0B-4032-4C9E-BA42-0991101B839A}
	EndGlobalSection
EndGlobal
